# This file is automatically @generated by Cargo.
# It is not intended for manual editing.
[[package]]
name = "muu"
version = "0.0.0-dev"
dependencies = [
 "xdg",
]

[[package]]
name = "xdg"
version = "2.2.0"
source = "registry+https://github.com/rust-lang/crates.io-index"
checksum = "d089681aa106a86fade1b0128fb5daf07d5867a509ab036d99988dec80429a57"
